
Microsoft Visual Studio Solution File, Format Version 12.00
# Visual Studio Version 17
VisualStudioVersion = 17.9.34728.123
MinimumVisualStudioVersion = 10.0.40219.1
Project("{FAE04EC0-301F-11D3-BF4B-00C04F79EFBC}") = "LoginForm", "LoginForm\LoginForm.csproj", "{A75DC72A-836A-47A5-80AB-B50F1146E01D}"
EndProject
Global
	GlobalSection(SolutionConfigurationPlatforms) = preSolution
		Debug|Any CPU = Debug|Any CPU
		Release|Any CPU = Release|Any CPU
	EndGlobalSection
	GlobalSection(ProjectConfigurationPlatforms) = postSolution
		{A75DC72A-836A-47A5-80AB-B50F1146E01D}.Debug|Any CPU.ActiveCfg = Debug|Any CPU
		{A75DC72A-836A-47A5-80AB-B50F1146E01D}.Debug|Any CPU.Build.0 = Debug|Any CPU
		{A75DC72A-836A-47A5-80AB-B50F1146E01D}.Release|Any CPU.ActiveCfg = Release|Any CPU
		{A75DC72A-836A-47A5-80AB-B50F1146E01D}.Release|Any CPU.Build.0 = Release|Any CPU
	EndGlobalSection
	GlobalSection(SolutionProperties) = preSolution
		HideSolutionNode = FALSE
	EndGlobalSection
	GlobalSection(ExtensibilityGlobals) = postSolution
		SolutionGuid = {09A86DF9-9E75-4A03-B1B7-6B4697A297DF}
	EndGlobalSection
EndGlobal
